
Microsoft Visual Studio Solution File, Format Version 12.00
# Visual Studio 2013
VisualStudioVersion = 12.0.31101.0
MinimumVisualStudioVersion = 10.0.40219.1
Project("{FAE04EC0-301F-11D3-BF4B-00C04F79EFBC}") = "iOSApp", "testiOS1\iOSApp.csproj", "{8F25D07F-B262-4994-A195-27BC8F12BBB3}"
EndProject
Project("{FAE04EC0-301F-11D3-BF4B-00C04F79EFBC}") = "CoursesLibrary", "CoursesLibrary\CoursesLibrary.csproj", "{52F47180-E1EE-412F-895D-29302F412A9A}"
EndProject
Global
	GlobalSection(SolutionConfigurationPlatforms) = preSolution
		Ad-Hoc|Any CPU = Ad-Hoc|Any CPU
		Ad-Hoc|iPhone = Ad-Hoc|iPhone
		Ad-Hoc|iPhoneSimulator = Ad-Hoc|iPhoneSimulator
		Ad-Hoc|Mixed Platforms = Ad-Hoc|Mixed Platforms
		AppStore|Any CPU = AppStore|Any CPU
		AppStore|iPhone = AppStore|iPhone
		AppStore|iPhoneSimulator = AppStore|iPhoneSimulator
		AppStore|Mixed Platforms = AppStore|Mixed Platforms
		Debug|Any CPU = Debug|Any CPU
		Debug|iPhone = Debug|iPhone
		Debug|iPhoneSimulator = Debug|iPhoneSimulator
		Debug|Mixed Platforms = Debug|Mixed Platforms
		Release|Any CPU = Release|Any CPU
		Release|iPhone = Release|iPhone
		Release|iPhoneSimulator = Release|iPhoneSimulator
		Release|Mixed Platforms = Release|Mixed Platforms
	EndGlobalSection
	GlobalSection(ProjectConfigurationPlatforms) = postSolution
		{8F25D07F-B262-4994-A195-27BC8F12BBB3}.Ad-Hoc|Any CPU.ActiveCfg = Ad-Hoc|iPhoneSimulator
		{8F25D07F-B262-4994-A195-27BC8F12BBB3}.Ad-Hoc|iPhone.ActiveCfg = Ad-Hoc|iPhone
		{8F25D07F-B262-4994-A195-27BC8F12BBB3}.Ad-Hoc|iPhone.Build.0 = Ad-Hoc|iPhone
		{8F25D07F-B262-4994-A195-27BC8F12BBB3}.Ad-Hoc|iPhoneSimulator.ActiveCfg = Ad-Hoc|iPhoneSimulator
		{8F25D07F-B262-4994-A195-27BC8F12BBB3}.Ad-Hoc|iPhoneSimulator.Build.0 = Ad-Hoc|iPhoneSimulator
		{8F25D07F-B262-4994-A195-27BC8F12BBB3}.Ad-Hoc|Mixed Platforms.ActiveCfg = Ad-Hoc|iPhoneSimulator
		{8F25D07F-B262-4994-A195-27BC8F12BBB3}.Ad-Hoc|Mixed Platforms.Build.0 = Ad-Hoc|iPhoneSimulator
		{8F25D07F-B262-4994-A195-27BC8F12BBB3}.AppStore|Any CPU.ActiveCfg = AppStore|iPhoneSimulator
		{8F25D07F-B262-4994-A195-27BC8F12BBB3}.AppStore|iPhone.ActiveCfg = AppStore|iPhone
		{8F25D07F-B262-4994-A195-27BC8F12BBB3}.AppStore|iPhone.Build.0 = AppStore|iPhone
		{8F25D07F-B262-4994-A195-27BC8F12BBB3}.AppStore|iPhoneSimulator.ActiveCfg = AppStore|iPhoneSimulator
		{8F25D07F-B262-4994-A195-27BC8F12BBB3}.AppStore|iPhoneSimulator.Build.0 = AppStore|iPhoneSimulator
		{8F25D07F-B262-4994-A195-27BC8F12BBB3}.AppStore|Mixed Platforms.ActiveCfg = AppStore|iPhoneSimulator
		{8F25D07F-B262-4994-A195-27BC8F12BBB3}.AppStore|Mixed Platforms.Build.0 = AppStore|iPhoneSimulator
		{8F25D07F-B262-4994-A195-27BC8F12BBB3}.Debug|Any CPU.ActiveCfg = Debug|iPhoneSimulator
		{8F25D07F-B262-4994-A195-27BC8F12BBB3}.Debug|iPhone.ActiveCfg = Debug|iPhoneSimulator
		{8F25D07F-B262-4994-A195-27BC8F12BBB3}.Debug|iPhone.Build.0 = Debug|iPhoneSimulator
		{8F25D07F-B262-4994-A195-27BC8F12BBB3}.Debug|iPhoneSimulator.ActiveCfg = Debug|iPhoneSimulator
		{8F25D07F-B262-4994-A195-27BC8F12BBB3}.Debug|iPhoneSimulator.Build.0 = Debug|iPhoneSimulator
		{8F25D07F-B262-4994-A195-27BC8F12BBB3}.Debug|Mixed Platforms.ActiveCfg = Debug|iPhoneSimulator
		{8F25D07F-B262-4994-A195-27BC8F12BBB3}.Debug|Mixed Platforms.Build.0 = Debug|iPhoneSimulator
		{8F25D07F-B262-4994-A195-27BC8F12BBB3}.Release|Any CPU.ActiveCfg = Release|iPhoneSimulator
		{8F25D07F-B262-4994-A195-27BC8F12BBB3}.Release|iPhone.ActiveCfg = Release|iPhone
		{8F25D07F-B262-4994-A195-27BC8F12BBB3}.Release|iPhone.Build.0 = Release|iPhone
		{8F25D07F-B262-4994-A195-27BC8F12BBB3}.Release|iPhoneSimulator.ActiveCfg = Release|iPhoneSimulator
		{8F25D07F-B262-4994-A195-27BC8F12BBB3}.Release|iPhoneSimulator.Build.0 = Release|iPhoneSimulator
		{8F25D07F-B262-4994-A195-27BC8F12BBB3}.Release|Mixed Platforms.ActiveCfg = Release|iPhoneSimulator
		{8F25D07F-B262-4994-A195-27BC8F12BBB3}.Release|Mixed Platforms.Build.0 = Release|iPhoneSimulator
		{52F47180-E1EE-412F-895D-29302F412A9A}.Ad-Hoc|Any CPU.ActiveCfg = Release|Any CPU
		{52F47180-E1EE-412F-895D-29302F412A9A}.Ad-Hoc|Any CPU.Build.0 = Release|Any CPU
		{52F47180-E1EE-412F-895D-29302F412A9A}.Ad-Hoc|iPhone.ActiveCfg = Release|Any CPU
		{52F47180-E1EE-412F-895D-29302F412A9A}.Ad-Hoc|iPhoneSimulator.ActiveCfg = Release|Any CPU
		{52F47180-E1EE-412F-895D-29302F412A9A}.Ad-Hoc|Mixed Platforms.ActiveCfg = Release|Any CPU
		{52F47180-E1EE-412F-895D-29302F412A9A}.Ad-Hoc|Mixed Platforms.Build.0 = Release|Any CPU
		{52F47180-E1EE-412F-895D-29302F412A9A}.AppStore|Any CPU.ActiveCfg = Release|Any CPU
		{52F47180-E1EE-412F-895D-29302F412A9A}.AppStore|Any CPU.Build.0 = Release|Any CPU
		{52F47180-E1EE-412F-895D-29302F412A9A}.AppStore|iPhone.ActiveCfg = Release|Any CPU
		{52F47180-E1EE-412F-895D-29302F412A9A}.AppStore|iPhoneSimulator.ActiveCfg = Release|Any CPU
		{52F47180-E1EE-412F-895D-29302F412A9A}.AppStore|Mixed Platforms.ActiveCfg = Release|Any CPU
		{52F47180-E1EE-412F-895D-29302F412A9A}.AppStore|Mixed Platforms.Build.0 = Release|Any CPU
		{52F47180-E1EE-412F-895D-29302F412A9A}.Debug|Any CPU.ActiveCfg = Debug|Any CPU
		{52F47180-E1EE-412F-895D-29302F412A9A}.Debug|Any CPU.Build.0 = Debug|Any CPU
		{52F47180-E1EE-412F-895D-29302F412A9A}.Debug|iPhone.ActiveCfg = Debug|Any CPU
		{52F47180-E1EE-412F-895D-29302F412A9A}.Debug|iPhoneSimulator.ActiveCfg = Debug|Any CPU
		{52F47180-E1EE-412F-895D-29302F412A9A}.Debug|Mixed Platforms.ActiveCfg = Debug|Any CPU
		{52F47180-E1EE-412F-895D-29302F412A9A}.Debug|Mixed Platforms.Build.0 = Debug|Any CPU
		{52F47180-E1EE-412F-895D-29302F412A9A}.Release|Any CPU.ActiveCfg = Release|Any CPU
		{52F47180-E1EE-412F-895D-29302F412A9A}.Release|Any CPU.Build.0 = Release|Any CPU
		{52F47180-E1EE-412F-895D-29302F412A9A}.Release|iPhone.ActiveCfg = Release|Any CPU
		{52F47180-E1EE-412F-895D-29302F412A9A}.Release|iPhoneSimulator.ActiveCfg = Release|Any CPU
		{52F47180-E1EE-412F-895D-29302F412A9A}.Release|Mixed Platforms.ActiveCfg = Release|Any CPU
		{52F47180-E1EE-412F-895D-29302F412A9A}.Release|Mixed Platforms.Build.0 = Release|Any CPU
	EndGlobalSection
	GlobalSection(SolutionProperties) = preSolution
		HideSolutionNode = FALSE
	EndGlobalSection
EndGlobal
